
Microsoft Visual Studio Solution File, Format Version 12.00
# Visual Studio 2012
Project("{FAE04EC0-301F-11D3-BF4B-00C04F79EFBC}") = "Naxam.Mapbox.Services.Android.Telemetry", "Naxam.Mapbox.Services.Android.Telemetry\Naxam.Mapbox.Services.Android.Telemetry.csproj", "{A3DDCB88-547A-4E4B-885D-206DA61C0127}"
EndProject
Project("{2150E333-8FDC-42A3-9474-1A3956D46DE8}") = "demo", "demo", "{7EF2D1B9-B6C6-4938-9FF0-3F443B4DF6F2}"
EndProject
Project("{FAE04EC0-301F-11D3-BF4B-00C04F79EFBC}") = "TelemetryQs", "demo\TelemetryQs\TelemetryQs.csproj", "{A105A34C-6076-42EF-B658-4F5A69F4607A}"
EndProject
Project("{FAE04EC0-301F-11D3-BF4B-00C04F79EFBC}") = "Naxam.Mapbox.MapboxAndroidCore", "Naxam.Mapbox.MapboxAndroidCore\Naxam.Mapbox.MapboxAndroidCore.csproj", "{89C35FAF-F18F-4B4B-819A-4A3FE1170C49}"
EndProject
Global
	GlobalSection(SolutionConfigurationPlatforms) = preSolution
		Debug|Any CPU = Debug|Any CPU
		Release|Any CPU = Release|Any CPU
	EndGlobalSection
	GlobalSection(ProjectConfigurationPlatforms) = postSolution
		{A3DDCB88-547A-4E4B-885D-206DA61C0127}.Debug|Any CPU.ActiveCfg = Debug|Any CPU
		{A3DDCB88-547A-4E4B-885D-206DA61C0127}.Debug|Any CPU.Build.0 = Debug|Any CPU
		{A3DDCB88-547A-4E4B-885D-206DA61C0127}.Release|Any CPU.ActiveCfg = Release|Any CPU
		{A3DDCB88-547A-4E4B-885D-206DA61C0127}.Release|Any CPU.Build.0 = Release|Any CPU
		{A105A34C-6076-42EF-B658-4F5A69F4607A}.Debug|Any CPU.ActiveCfg = Debug|Any CPU
		{A105A34C-6076-42EF-B658-4F5A69F4607A}.Debug|Any CPU.Build.0 = Debug|Any CPU
		{A105A34C-6076-42EF-B658-4F5A69F4607A}.Release|Any CPU.ActiveCfg = Release|Any CPU
		{A105A34C-6076-42EF-B658-4F5A69F4607A}.Release|Any CPU.Build.0 = Release|Any CPU
		{89C35FAF-F18F-4B4B-819A-4A3FE1170C49}.Debug|Any CPU.ActiveCfg = Debug|Any CPU
		{89C35FAF-F18F-4B4B-819A-4A3FE1170C49}.Debug|Any CPU.Build.0 = Debug|Any CPU
		{89C35FAF-F18F-4B4B-819A-4A3FE1170C49}.Release|Any CPU.ActiveCfg = Release|Any CPU
		{89C35FAF-F18F-4B4B-819A-4A3FE1170C49}.Release|Any CPU.Build.0 = Release|Any CPU
	EndGlobalSection
	GlobalSection(NestedProjects) = preSolution
		{A105A34C-6076-42EF-B658-4F5A69F4607A} = {7EF2D1B9-B6C6-4938-9FF0-3F443B4DF6F2}
	EndGlobalSection
EndGlobal
